
Microsoft Visual Studio Solution File, Format Version 12.00
# Visual Studio Version 17
VisualStudioVersion = 17.4.33110.190
MinimumVisualStudioVersion = 10.0.40219.1
Project("{FAE04EC0-301F-11D3-BF4B-00C04F79EFBC}") = "clase linkedlist predefinida", "clase linkedlist predefinida.csproj", "{A9BE4164-CEBB-45C9-B52F-9281B393D31D}"
EndProject
Global
	GlobalSection(SolutionConfigurationPlatforms) = preSolution
		Debug|Any CPU = Debug|Any CPU
		Release|Any CPU = Release|Any CPU
	EndGlobalSection
	GlobalSection(ProjectConfigurationPlatforms) = postSolution
		{A9BE4164-CEBB-45C9-B52F-9281B393D31D}.Debug|Any CPU.ActiveCfg = Debug|Any CPU
		{A9BE4164-CEBB-45C9-B52F-9281B393D31D}.Debug|Any CPU.Build.0 = Debug|Any CPU
		{A9BE4164-CEBB-45C9-B52F-9281B393D31D}.Release|Any CPU.ActiveCfg = Release|Any CPU
		{A9BE4164-CEBB-45C9-B52F-9281B393D31D}.Release|Any CPU.Build.0 = Release|Any CPU
	EndGlobalSection
	GlobalSection(SolutionProperties) = preSolution
		HideSolutionNode = FALSE
	EndGlobalSection
	GlobalSection(ExtensibilityGlobals) = postSolution
		SolutionGuid = {1697A272-8BA9-4D81-AE5C-54CEE7739071}
	EndGlobalSection
EndGlobal
